
Microsoft Visual Studio Solution File, Format Version 12.00
# Visual Studio Version 16
VisualStudioVersion = 16.0.30204.135
MinimumVisualStudioVersion = 10.0.40219.1
Project("{FAE04EC0-301F-11D3-BF4B-00C04F79EFBC}") = "Net22FinalN01446679Generics", "Net22FinalN01446679Generics\Net22FinalN01446679Generics.csproj", "{96F0E5DD-F85E-4FD8-8870-19952432DB0C}"
EndProject
Global
	GlobalSection(SolutionConfigurationPlatforms) = preSolution
		Debug|Any CPU = Debug|Any CPU
		Release|Any CPU = Release|Any CPU
	EndGlobalSection
	GlobalSection(ProjectConfigurationPlatforms) = postSolution
		{96F0E5DD-F85E-4FD8-8870-19952432DB0C}.Debug|Any CPU.ActiveCfg = Debug|Any CPU
		{96F0E5DD-F85E-4FD8-8870-19952432DB0C}.Debug|Any CPU.Build.0 = Debug|Any CPU
		{96F0E5DD-F85E-4FD8-8870-19952432DB0C}.Release|Any CPU.ActiveCfg = Release|Any CPU
		{96F0E5DD-F85E-4FD8-8870-19952432DB0C}.Release|Any CPU.Build.0 = Release|Any CPU
	EndGlobalSection
	GlobalSection(SolutionProperties) = preSolution
		HideSolutionNode = FALSE
	EndGlobalSection
	GlobalSection(ExtensibilityGlobals) = postSolution
		SolutionGuid = {A74F312E-E8E5-48F4-80EC-54D098B4A665}
	EndGlobalSection
EndGlobal
